
Microsoft Visual Studio Solution File, Format Version 12.00
# Visual Studio Version 16
VisualStudioVersion = 16.0.29806.167
MinimumVisualStudioVersion = 10.0.40219.1
Project("{888888A0-9F3D-457C-B088-3A5042F75D52}") = "stalla", "stalla\stalla.pyproj", "{BD9276AD-D147-4423-B6F6-27385256685A}"
EndProject
Project("{888888A0-9F3D-457C-B088-3A5042F75D52}") = "pic_update", "pic_update\pic_update.pyproj", "{9D959DFE-8D8A-40FD-8655-53523008B4C2}"
EndProject
Global
	GlobalSection(SolutionConfigurationPlatforms) = preSolution
		Debug|Any CPU = Debug|Any CPU
		Release|Any CPU = Release|Any CPU
	EndGlobalSection
	GlobalSection(ProjectConfigurationPlatforms) = postSolution
		{BD9276AD-D147-4423-B6F6-27385256685A}.Debug|Any CPU.ActiveCfg = Debug|Any CPU
		{BD9276AD-D147-4423-B6F6-27385256685A}.Debug|Any CPU.Build.0 = Debug|Any CPU
		{BD9276AD-D147-4423-B6F6-27385256685A}.Release|Any CPU.ActiveCfg = Release|Any CPU
		{BD9276AD-D147-4423-B6F6-27385256685A}.Release|Any CPU.Build.0 = Release|Any CPU
		{9D959DFE-8D8A-40FD-8655-53523008B4C2}.Debug|Any CPU.ActiveCfg = Debug|Any CPU
		{9D959DFE-8D8A-40FD-8655-53523008B4C2}.Release|Any CPU.ActiveCfg = Release|Any CPU
	EndGlobalSection
	GlobalSection(SolutionProperties) = preSolution
		HideSolutionNode = FALSE
	EndGlobalSection
	GlobalSection(ExtensibilityGlobals) = postSolution
		SolutionGuid = {59FB2E4A-F27B-4738-A59D-69391A689C97}
	EndGlobalSection
EndGlobal
